// !$*UTF8*$!
{
	archiveVersion = 1;
	classes = {
	};
	objectVersion = 50;
	objects = {

/* Begin PBXBuildFile section */
		313E3BE226672AAD00FC8FB8 /* Preview Content in Resources */ = {isa = PBXBuildFile; fileRef = 313E3BE126672AAC00FC8FB8 /* Preview Content */; };
		313E3BE526672B3400FC8FB8 /* RegisterManager.swift in Sources */ = {isa = PBXBuildFile; fileRef = 313E3BE426672B3400FC8FB8 /* RegisterManager.swift */; };
		313E3BE82667321E00FC8FB8 /* MainPageManager.swift in Sources */ = {isa = PBXBuildFile; fileRef = 313E3BE72667321E00FC8FB8 /* MainPageManager.swift */; };
		313E3BEC26673EDC00FC8FB8 /* User_answers+CoreDataClass.swift in Sources */ = {isa = PBXBuildFile; fileRef = 313E3BEA26673EDC00FC8FB8 /* User_answers+CoreDataClass.swift */; };
		313E3BED26673EDC00FC8FB8 /* User_answers+CoreDataProperties.swift in Sources */ = {isa = PBXBuildFile; fileRef = 313E3BEB26673EDC00FC8FB8 /* User_answers+CoreDataProperties.swift */; };
		313E3BF026673F7D00FC8FB8 /* User+CoreDataClass.swift in Sources */ = {isa = PBXBuildFile; fileRef = 313E3BEF26673F7D00FC8FB8 /* User+CoreDataClass.swift */; };
		31561E3226644CF200C1817F /* User+CoreDataProperties.swift in Sources */ = {isa = PBXBuildFile; fileRef = 31561E2626644CF200C1817F /* User+CoreDataProperties.swift */; };
		31561E3326644CF200C1817F /* Test_answers+CoreDataClass.swift in Sources */ = {isa = PBXBuildFile; fileRef = 31561E2726644CF200C1817F /* Test_answers+CoreDataClass.swift */; };
		31561E3426644CF200C1817F /* Test_answers+CoreDataProperties.swift in Sources */ = {isa = PBXBuildFile; fileRef = 31561E2826644CF200C1817F /* Test_answers+CoreDataProperties.swift */; };
		31561E3526644CF200C1817F /* User_tests+CoreDataClass.swift in Sources */ = {isa = PBXBuildFile; fileRef = 31561E2926644CF200C1817F /* User_tests+CoreDataClass.swift */; };
		31561E3626644CF200C1817F /* User_tests+CoreDataProperties.swift in Sources */ = {isa = PBXBuildFile; fileRef = 31561E2A26644CF200C1817F /* User_tests+CoreDataProperties.swift */; };
		31561E3726644CF200C1817F /* Test+CoreDataClass.swift in Sources */ = {isa = PBXBuildFile; fileRef = 31561E2B26644CF200C1817F /* Test+CoreDataClass.swift */; };
		31561E3826644CF200C1817F /* Test+CoreDataProperties.swift in Sources */ = {isa = PBXBuildFile; fileRef = 31561E2C26644CF200C1817F /* Test+CoreDataProperties.swift */; };
		31561E3926644CF200C1817F /* Photos+CoreDataClass.swift in Sources */ = {isa = PBXBuildFile; fileRef = 31561E2D26644CF200C1817F /* Photos+CoreDataClass.swift */; };
		31561E3A26644CF200C1817F /* Photos+CoreDataProperties.swift in Sources */ = {isa = PBXBuildFile; fileRef = 31561E2E26644CF200C1817F /* Photos+CoreDataProperties.swift */; };
		31561E3B26644CF200C1817F /* Test_questions+CoreDataClass.swift in Sources */ = {isa = PBXBuildFile; fileRef = 31561E2F26644CF200C1817F /* Test_questions+CoreDataClass.swift */; };
		31561E3C26644CF200C1817F /* Test_questions+CoreDataProperties.swift in Sources */ = {isa = PBXBuildFile; fileRef = 31561E3026644CF200C1817F /* Test_questions+CoreDataProperties.swift */; };
		31561E4426645DAE00C1817F /* LoginManager.swift in Sources */ = {isa = PBXBuildFile; fileRef = 31561E4326645DAE00C1817F /* LoginManager.swift */; };
		AF1EE57C2630E17800F4CDDA /* LiraTechApp.swift in Sources */ = {isa = PBXBuildFile; fileRef = AF1EE57B2630E17800F4CDDA /* LiraTechApp.swift */; };
		AF1EE57E2630E17800F4CDDA /* ContentView.swift in Sources */ = {isa = PBXBuildFile; fileRef = AF1EE57D2630E17800F4CDDA /* ContentView.swift */; };
		AF1EE5802630E18300F4CDDA /* Assets.xcassets in Resources */ = {isa = PBXBuildFile; fileRef = AF1EE57F2630E18300F4CDDA /* Assets.xcassets */; };
		AF1EE5832630E18300F4CDDA /* Preview Assets.xcassets in Resources */ = {isa = PBXBuildFile; fileRef = AF1EE5822630E18300F4CDDA /* Preview Assets.xcassets */; };
		AFBCAEA0265A5BDC00C866FE /* Model.xcdatamodeld in Sources */ = {isa = PBXBuildFile; fileRef = AFBCAE9E265A5BDC00C866FE /* Model.xcdatamodeld */; };
/* End PBXBuildFile section */

/* Begin PBXFileReference section */
		313E3BE126672AAC00FC8FB8 /* Preview Content */ = {isa = PBXFileReference; lastKnownFileType = folder; path = "Preview Content"; sourceTree = "<group>"; };
		313E3BE426672B3400FC8FB8 /* RegisterManager.swift */ = {isa = PBXFileReference; lastKnownFileType = sourcecode.swift; path = RegisterManager.swift; sourceTree = "<group>"; };
		313E3BE72667321E00FC8FB8 /* MainPageManager.swift */ = {isa = PBXFileReference; lastKnownFileType = sourcecode.swift; path = MainPageManager.swift; sourceTree = "<group>"; };
		313E3BEA26673EDC00FC8FB8 /* User_answers+CoreDataClass.swift */ = {isa = PBXFileReference; lastKnownFileType = sourcecode.swift; name = "User_answers+CoreDataClass.swift"; path = "LiraTech/User_answers+CoreDataClass.swift"; sourceTree = "<group>"; };
		313E3BEB26673EDC00FC8FB8 /* User_answers+CoreDataProperties.swift */ = {isa = PBXFileReference; lastKnownFileType = sourcecode.swift; name = "User_answers+CoreDataProperties.swift"; path = "LiraTech/User_answers+CoreDataProperties.swift"; sourceTree = "<group>"; };
		313E3BEF26673F7D00FC8FB8 /* User+CoreDataClass.swift */ = {isa = PBXFileReference; lastKnownFileType = sourcecode.swift; name = "User+CoreDataClass.swift"; path = "LiraTech/User+CoreDataClass.swift"; sourceTree = "<group>"; };
		31561E2626644CF200C1817F /* User+CoreDataProperties.swift */ = {isa = PBXFileReference; lastKnownFileType = sourcecode.swift; name = "User+CoreDataProperties.swift"; path = "LiraTech/User+CoreDataProperties.swift"; sourceTree = "<group>"; };
		31561E2726644CF200C1817F /* Test_answers+CoreDataClass.swift */ = {isa = PBXFileReference; lastKnownFileType = sourcecode.swift; name = "Test_answers+CoreDataClass.swift"; path = "LiraTech/Test_answers+CoreDataClass.swift"; sourceTree = "<group>"; };
		31561E2826644CF200C1817F /* Test_answers+CoreDataProperties.swift */ = {isa = PBXFileReference; lastKnownFileType = sourcecode.swift; name = "Test_answers+CoreDataProperties.swift"; path = "LiraTech/Test_answers+CoreDataProperties.swift"; sourceTree = "<group>"; };
		31561E2926644CF200C1817F /* User_tests+CoreDataClass.swift */ = {isa = PBXFileReference; lastKnownFileType = sourcecode.swift; name = "User_tests+CoreDataClass.swift"; path = "LiraTech/User_tests+CoreDataClass.swift"; sourceTree = "<group>"; };
		31561E2A26644CF200C1817F /* User_tests+CoreDataProperties.swift */ = {isa = PBXFileReference; lastKnownFileType = sourcecode.swift; name = "User_tests+CoreDataProperties.swift"; path = "LiraTech/User_tests+CoreDataProperties.swift"; sourceTree = "<group>"; };
		31561E2B26644CF200C1817F /* Test+CoreDataClass.swift */ = {isa = PBXFileReference; lastKnownFileType = sourcecode.swift; name = "Test+CoreDataClass.swift"; path = "LiraTech/Test+CoreDataClass.swift"; sourceTree = "<group>"; };
		31561E2C26644CF200C1817F /* Test+CoreDataProperties.swift */ = {isa = PBXFileReference; lastKnownFileType = sourcecode.swift; name = "Test+CoreDataProperties.swift"; path = "LiraTech/Test+CoreDataProperties.swift"; sourceTree = "<group>"; };
		31561E2D26644CF200C1817F /* Photos+CoreDataClass.swift */ = {isa = PBXFileReference; lastKnownFileType = sourcecode.swift; name = "Photos+CoreDataClass.swift"; path = "LiraTech/Photos+CoreDataClass.swift"; sourceTree = "<group>"; };
		31561E2E26644CF200C1817F /* Photos+CoreDataProperties.swift */ = {isa = PBXFileReference; lastKnownFileType = sourcecode.swift; name = "Photos+CoreDataProperties.swift"; path = "LiraTech/Photos+CoreDataProperties.swift"; sourceTree = "<group>"; };
		31561E2F26644CF200C1817F /* Test_questions+CoreDataClass.swift */ = {isa = PBXFileReference; lastKnownFileType = sourcecode.swift; name = "Test_questions+CoreDataClass.swift"; path = "LiraTech/Test_questions+CoreDataClass.swift"; sourceTree = "<group>"; };
		31561E3026644CF200C1817F /* Test_questions+CoreDataProperties.swift */ = {isa = PBXFileReference; lastKnownFileType = sourcecode.swift; name = "Test_questions+CoreDataProperties.swift"; path = "LiraTech/Test_questions+CoreDataProperties.swift"; sourceTree = "<group>"; };
		31561E4326645DAE00C1817F /* LoginManager.swift */ = {isa = PBXFileReference; lastKnownFileType = sourcecode.swift; path = LoginManager.swift; sourceTree = "<group>"; };
		AF1EE5782630E17800F4CDDA /* LiraTech.app */ = {isa = PBXFileReference; explicitFileType = wrapper.application; includeInIndex = 0; path = LiraTech.app; sourceTree = BUILT_PRODUCTS_DIR; };
		AF1EE57B2630E17800F4CDDA /* LiraTechApp.swift */ = {isa = PBXFileReference; lastKnownFileType = sourcecode.swift; path = LiraTechApp.swift; sourceTree = "<group>"; };
		AF1EE57D2630E17800F4CDDA /* ContentView.swift */ = {isa = PBXFileReference; lastKnownFileType = sourcecode.swift; path = ContentView.swift; sourceTree = "<group>"; };
		AF1EE57F2630E18300F4CDDA /* Assets.xcassets */ = {isa = PBXFileReference; lastKnownFileType = folder.assetcatalog; path = Assets.xcassets; sourceTree = "<group>"; };
		AF1EE5822630E18300F4CDDA /* Preview Assets.xcassets */ = {isa = PBXFileReference; lastKnownFileType = folder.assetcatalog; path = "Preview Assets.xcassets"; sourceTree = "<group>"; };
		AF1EE5842630E18300F4CDDA /* Info.plist */ = {isa = PBXFileReference; lastKnownFileType = text.plist.xml; path = Info.plist; sourceTree = "<group>"; };
		AFBCAE9F265A5BDC00C866FE /* Model.xcdatamodel */ = {isa = PBXFileReference; lastKnownFileType = wrapper.xcdatamodel; path = Model.xcdatamodel; sourceTree = "<group>"; };
/* End PBXFileReference section */

/* Begin PBXFrameworksBuildPhase section */
		AF1EE5752630E17800F4CDDA /* Frameworks */ = {
			isa = PBXFrameworksBuildPhase;
			buildActionMask = 2147483647;
			files = (
			);
			runOnlyForDeploymentPostprocessing = 0;
		};
/* End PBXFrameworksBuildPhase section */

/* Begin PBXGroup section */
		AF1EE56F2630E17800F4CDDA = {
			isa = PBXGroup;
			children = (
				313E3BEF26673F7D00FC8FB8 /* User+CoreDataClass.swift */,
				313E3BEA26673EDC00FC8FB8 /* User_answers+CoreDataClass.swift */,
				313E3BEB26673EDC00FC8FB8 /* User_answers+CoreDataProperties.swift */,
				31561E2626644CF200C1817F /* User+CoreDataProperties.swift */,
				31561E2726644CF200C1817F /* Test_answers+CoreDataClass.swift */,
				31561E2826644CF200C1817F /* Test_answers+CoreDataProperties.swift */,
				31561E2926644CF200C1817F /* User_tests+CoreDataClass.swift */,
				31561E2A26644CF200C1817F /* User_tests+CoreDataProperties.swift */,
				31561E2B26644CF200C1817F /* Test+CoreDataClass.swift */,
				31561E2C26644CF200C1817F /* Test+CoreDataProperties.swift */,
				31561E2D26644CF200C1817F /* Photos+CoreDataClass.swift */,
				31561E2E26644CF200C1817F /* Photos+CoreDataProperties.swift */,
				31561E2F26644CF200C1817F /* Test_questions+CoreDataClass.swift */,
				31561E3026644CF200C1817F /* Test_questions+CoreDataProperties.swift */,
				AFBCAE9E265A5BDC00C866FE /* Model.xcdatamodeld */,
				AF1EE57A2630E17800F4CDDA /* LiraTech */,
				AF1EE5792630E17800F4CDDA /* Products */,
			);
			sourceTree = "<group>";
		};
		AF1EE5792630E17800F4CDDA /* Products */ = {
			isa = PBXGroup;
			children = (
				AF1EE5782630E17800F4CDDA /* LiraTech.app */,
			);
			name = Products;
			sourceTree = "<group>";
		};
		AF1EE57A2630E17800F4CDDA /* LiraTech */ = {
			isa = PBXGroup;
			children = (
				313E3BE126672AAC00FC8FB8 /* Preview Content */,
				AF1EE57B2630E17800F4CDDA /* LiraTechApp.swift */,
				AF1EE57D2630E17800F4CDDA /* ContentView.swift */,
				AF1EE57F2630E18300F4CDDA /* Assets.xcassets */,
				AF1EE5842630E18300F4CDDA /* Info.plist */,
				AF1EE5812630E18300F4CDDA /* Preview Content */,
				31561E4326645DAE00C1817F /* LoginManager.swift */,
				313E3BE72667321E00FC8FB8 /* MainPageManager.swift */,
				313E3BE426672B3400FC8FB8 /* RegisterManager.swift */,
			);
			path = LiraTech;
			sourceTree = "<group>";
		};
		AF1EE5812630E18300F4CDDA /* Preview Content */ = {
			isa = PBXGroup;
			children = (
				AF1EE5822630E18300F4CDDA /* Preview Assets.xcassets */,
			);
			path = "Preview Content";
			sourceTree = "<group>";
		};
/* End PBXGroup section */

/* Begin PBXNativeTarget section */
		AF1EE5772630E17800F4CDDA /* LiraTech */ = {
			isa = PBXNativeTarget;
			buildConfigurationList = AF1EE5872630E18300F4CDDA /* Build configuration list for PBXNativeTarget "LiraTech" */;
			buildPhases = (
				AF1EE5742630E17800F4CDDA /* Sources */,
				AF1EE5752630E17800F4CDDA /* Frameworks */,
				AF1EE5762630E17800F4CDDA /* Resources */,
			);
			buildRules = (
			);
			dependencies = (
			);
			name = LiraTech;
			productName = LiraTech;
			productReference = AF1EE5782630E17800F4CDDA /* LiraTech.app */;
			productType = "com.apple.product-type.application";
		};
/* End PBXNativeTarget section */

/* Begin PBXProject section */
		AF1EE5702630E17800F4CDDA /* Project object */ = {
			isa = PBXProject;
			attributes = {
				LastSwiftUpdateCheck = 1240;
				LastUpgradeCheck = 1240;
				TargetAttributes = {
					AF1EE5772630E17800F4CDDA = {
						CreatedOnToolsVersion = 12.4;
					};
				};
			};
			buildConfigurationList = AF1EE5732630E17800F4CDDA /* Build configuration list for PBXProject "LiraTech" */;
			compatibilityVersion = "Xcode 9.3";
			developmentRegion = en;
			hasScannedForEncodings = 0;
			knownRegions = (
				en,
				Base,
			);
			mainGroup = AF1EE56F2630E17800F4CDDA;
			productRefGroup = AF1EE5792630E17800F4CDDA /* Products */;
			projectDirPath = "";
			projectRoot = "";
			targets = (
				AF1EE5772630E17800F4CDDA /* LiraTech */,
			);
		};
/* End PBXProject section */

/* Begin PBXResourcesBuildPhase section */
		AF1EE5762630E17800F4CDDA /* Resources */ = {
			isa = PBXResourcesBuildPhase;
			buildActionMask = 2147483647;
			files = (
				313E3BE226672AAD00FC8FB8 /* Preview Content in Resources */,
				AF1EE5832630E18300F4CDDA /* Preview Assets.xcassets in Resources */,
				AF1EE5802630E18300F4CDDA /* Assets.xcassets in Resources */,
			);
			runOnlyForDeploymentPostprocessing = 0;
		};
/* End PBXResourcesBuildPhase section */

/* Begin PBXSourcesBuildPhase section */
		AF1EE5742630E17800F4CDDA /* Sources */ = {
			isa = PBXSourcesBuildPhase;
			buildActionMask = 2147483647;
			files = (
				31561E3326644CF200C1817F /* Test_answers+CoreDataClass.swift in Sources */,
				31561E4426645DAE00C1817F /* LoginManager.swift in Sources */,
				31561E3426644CF200C1817F /* Test_answers+CoreDataProperties.swift in Sources */,
				AF1EE57E2630E17800F4CDDA /* ContentView.swift in Sources */,
				313E3BED26673EDC00FC8FB8 /* User_answers+CoreDataProperties.swift in Sources */,
				31561E3626644CF200C1817F /* User_tests+CoreDataProperties.swift in Sources */,
				313E3BEC26673EDC00FC8FB8 /* User_answers+CoreDataClass.swift in Sources */,
				AF1EE57C2630E17800F4CDDA /* LiraTechApp.swift in Sources */,
				31561E3226644CF200C1817F /* User+CoreDataProperties.swift in Sources */,
				31561E3C26644CF200C1817F /* Test_questions+CoreDataProperties.swift in Sources */,
				31561E3B26644CF200C1817F /* Test_questions+CoreDataClass.swift in Sources */,
				31561E3526644CF200C1817F /* User_tests+CoreDataClass.swift in Sources */,
				AFBCAEA0265A5BDC00C866FE /* Model.xcdatamodeld in Sources */,
				31561E3A26644CF200C1817F /* Photos+CoreDataProperties.swift in Sources */,
				31561E3726644CF200C1817F /* Test+CoreDataClass.swift in Sources */,
				31561E3926644CF200C1817F /* Photos+CoreDataClass.swift in Sources */,
				313E3BE82667321E00FC8FB8 /* MainPageManager.swift in Sources */,
				31561E3826644CF200C1817F /* Test+CoreDataProperties.swift in Sources */,
				313E3BE526672B3400FC8FB8 /* RegisterManager.swift in Sources */,
				313E3BF026673F7D00FC8FB8 /* User+CoreDataClass.swift in Sources */,
			);
			runOnlyForDeploymentPostprocessing = 0;
		};
/* End PBXSourcesBuildPhase section */

/* Begin XCBuildConfiguration section */
		AF1EE5852630E18300F4CDDA /* Debug */ = {
			isa = XCBuildConfiguration;
			buildSettings = {
				ALWAYS_SEARCH_USER_PATHS = NO;
				CLANG_ANALYZER_NONNULL = YES;
				CLANG_ANALYZER_NUMBER_OBJECT_CONVERSION = YES_AGGRESSIVE;
				CLANG_CXX_LANGUAGE_STANDARD = "gnu++14";
				CLANG_CXX_LIBRARY = "libc++";
				CLANG_ENABLE_MODULES = YES;
				CLANG_ENABLE_OBJC_ARC = YES;
				CLANG_ENABLE_OBJC_WEAK = YES;
				CLANG_WARN_BLOCK_CAPTURE_AUTORELEASING = YES;
				CLANG_WARN_BOOL_CONVERSION = YES;
				CLANG_WARN_COMMA = YES;
				CLANG_WARN_CONSTANT_CONVERSION = YES;
				CLANG_WARN_DEPRECATED_OBJC_IMPLEMENTATIONS = YES;
				CLANG_WARN_DIRECT_OBJC_ISA_USAGE = YES_ERROR;
				CLANG_WARN_DOCUMENTATION_COMMENTS = YES;
				CLANG_WARN_EMPTY_BODY = YES;
				CLANG_WARN_ENUM_CONVERSION = YES;
				CLANG_WARN_INFINITE_RECURSION = YES;
				CLANG_WARN_INT_CONVERSION = YES;
				CLANG_WARN_NON_LITERAL_NULL_CONVERSION = YES;
				CLANG_WARN_OBJC_IMPLICIT_RETAIN_SELF = YES;
				CLANG_WARN_OBJC_LITERAL_CONVERSION = YES;
				CLANG_WARN_OBJC_ROOT_CLASS = YES_ERROR;
				CLANG_WARN_QUOTED_INCLUDE_IN_FRAMEWORK_HEADER = YES;
				CLANG_WARN_RANGE_LOOP_ANALYSIS = YES;
				CLANG_WARN_STRICT_PROTOTYPES = YES;
				CLANG_WARN_SUSPICIOUS_MOVE = YES;
				CLANG_WARN_UNGUARDED_AVAILABILITY = YES_AGGRESSIVE;
				CLANG_WARN_UNREACHABLE_CODE = YES;
				CLANG_WARN__DUPLICATE_METHOD_MATCH = YES;
				COPY_PHASE_STRIP = NO;
				DEBUG_INFORMATION_FORMAT = dwarf;
				ENABLE_STRICT_OBJC_MSGSEND = YES;
				ENABLE_TESTABILITY = YES;
				GCC_C_LANGUAGE_STANDARD = gnu11;
				GCC_DYNAMIC_NO_PIC = NO;
				GCC_NO_COMMON_BLOCKS = YES;
				GCC_OPTIMIZATION_LEVEL = 0;
				GCC_PREPROCESSOR_DEFINITIONS = (
					"DEBUG=1",
					"$(inherited)",
				);
				GCC_WARN_64_TO_32_BIT_CONVERSION = YES;
				GCC_WARN_ABOUT_RETURN_TYPE = YES_ERROR;
				GCC_WARN_UNDECLARED_SELECTOR = YES;
				GCC_WARN_UNINITIALIZED_AUTOS = YES_AGGRESSIVE;
				GCC_WARN_UNUSED_FUNCTION = YES;
				GCC_WARN_UNUSED_VARIABLE = YES;
				IPHONEOS_DEPLOYMENT_TARGET = 14.4;
				MTL_ENABLE_DEBUG_INFO = INCLUDE_SOURCE;
				MTL_FAST_MATH = YES;
				ONLY_ACTIVE_ARCH = YES;
				SDKROOT = iphoneos;
				SWIFT_ACTIVE_COMPILATION_CONDITIONS = DEBUG;
				SWIFT_OPTIMIZATION_LEVEL = "-Onone";
			};
			name = Debug;
		};
		AF1EE5862630E18300F4CDDA /* Release */ = {
			isa = XCBuildConfiguration;
			buildSettings = {
				ALWAYS_SEARCH_USER_PATHS = NO;
				CLANG_ANALYZER_NONNULL = YES;
				CLANG_ANALYZER_NUMBER_OBJECT_CONVERSION = YES_AGGRESSIVE;
				CLANG_CXX_LANGUAGE_STANDARD = "gnu++14";
				CLANG_CXX_LIBRARY = "libc++";
				CLANG_ENABLE_MODULES = YES;
				CLANG_ENABLE_OBJC_ARC = YES;
				CLANG_ENABLE_OBJC_WEAK = YES;
				CLANG_WARN_BLOCK_CAPTURE_AUTORELEASING = YES;
				CLANG_WARN_BOOL_CONVERSION = YES;
				CLANG_WARN_COMMA = YES;
				CLANG_WARN_CONSTANT_CONVERSION = YES;
				CLANG_WARN_DEPRECATED_OBJC_IMPLEMENTATIONS = YES;
				CLANG_WARN_DIRECT_OBJC_ISA_USAGE = YES_ERROR;
				CLANG_WARN_DOCUMENTATION_COMMENTS = YES;
				CLANG_WARN_EMPTY_BODY = YES;
				CLANG_WARN_ENUM_CONVERSION = YES;
				CLANG_WARN_INFINITE_RECURSION = YES;
				CLANG_WARN_INT_CONVERSION = YES;
				CLANG_WARN_NON_LITERAL_NULL_CONVERSION = YES;
				CLANG_WARN_OBJC_IMPLICIT_RETAIN_SELF = YES;
				CLANG_WARN_OBJC_LITERAL_CONVERSION = YES;
				CLANG_WARN_OBJC_ROOT_CLASS = YES_ERROR;
				CLANG_WARN_QUOTED_INCLUDE_IN_FRAMEWORK_HEADER = YES;
				CLANG_WARN_RANGE_LOOP_ANALYSIS = YES;
				CLANG_WARN_STRICT_PROTOTYPES = YES;
				CLANG_WARN_SUSPICIOUS_MOVE = YES;
				CLANG_WARN_UNGUARDED_AVAILABILITY = YES_AGGRESSIVE;
				CLANG_WARN_UNREACHABLE_CODE = YES;
				CLANG_WARN__DUPLICATE_METHOD_MATCH = YES;
				COPY_PHASE_STRIP = NO;
				DEBUG_INFORMATION_FORMAT = "dwarf-with-dsym";
				ENABLE_NS_ASSERTIONS = NO;
				ENABLE_STRICT_OBJC_MSGSEND = YES;
				GCC_C_LANGUAGE_STANDARD = gnu11;
				GCC_NO_COMMON_BLOCKS = YES;
				GCC_WARN_64_TO_32_BIT_CONVERSION = YES;
				GCC_WARN_ABOUT_RETURN_TYPE = YES_ERROR;
				GCC_WARN_UNDECLARED_SELECTOR = YES;
				GCC_WARN_UNINITIALIZED_AUTOS = YES_AGGRESSIVE;
				GCC_WARN_UNUSED_FUNCTION = YES;
				GCC_WARN_UNUSED_VARIABLE = YES;
				IPHONEOS_DEPLOYMENT_TARGET = 14.4;
				MTL_ENABLE_DEBUG_INFO = NO;
				MTL_FAST_MATH = YES;
				SDKROOT = iphoneos;
				SWIFT_COMPILATION_MODE = wholemodule;
				SWIFT_OPTIMIZATION_LEVEL = "-O";
				VALIDATE_PRODUCT = YES;
			};
			name = Release;
		};
		AF1EE5882630E18300F4CDDA /* Debug */ = {
			isa = XCBuildConfiguration;
			buildSettings = {
				ASSETCATALOG_COMPILER_APPICON_NAME = AppIcon;
				ASSETCATALOG_COMPILER_GLOBAL_ACCENT_COLOR_NAME = AccentColor;
				CODE_SIGN_STYLE = Automatic;
				DEVELOPMENT_ASSET_PATHS = "\"LiraTech/Preview Content\"";
				ENABLE_PREVIEWS = YES;
				INFOPLIST_FILE = LiraTech/Info.plist;
				IPHONEOS_DEPLOYMENT_TARGET = 14.0;
				LD_RUNPATH_SEARCH_PATHS = (
					"$(inherited)",
					"@executable_path/Frameworks",
				);
				PRODUCT_BUNDLE_IDENTIFIER = lab3.LiraTech;
				PRODUCT_NAME = "$(TARGET_NAME)";
				SWIFT_VERSION = 5.0;
				TARGETED_DEVICE_FAMILY = "1,2";
			};
			name = Debug;
		};
		AF1EE5892630E18300F4CDDA /* Release */ = {
			isa = XCBuildConfiguration;
			buildSettings = {
				ASSETCATALOG_COMPILER_APPICON_NAME = AppIcon;
				ASSETCATALOG_COMPILER_GLOBAL_ACCENT_COLOR_NAME = AccentColor;
				CODE_SIGN_STYLE = Automatic;
				DEVELOPMENT_ASSET_PATHS = "\"LiraTech/Preview Content\"";
				ENABLE_PREVIEWS = YES;
				INFOPLIST_FILE = LiraTech/Info.plist;
				IPHONEOS_DEPLOYMENT_TARGET = 14.0;
				LD_RUNPATH_SEARCH_PATHS = (
					"$(inherited)",
					"@executable_path/Frameworks",
				);
				PRODUCT_BUNDLE_IDENTIFIER = lab3.LiraTech;
				PRODUCT_NAME = "$(TARGET_NAME)";
				SWIFT_VERSION = 5.0;
				TARGETED_DEVICE_FAMILY = "1,2";
			};
			name = Release;
		};
/* End XCBuildConfiguration section */

/* Begin XCConfigurationList section */
		AF1EE5732630E17800F4CDDA /* Build configuration list for PBXProject "LiraTech" */ = {
			isa = XCConfigurationList;
			buildConfigurations = (
				AF1EE5852630E18300F4CDDA /* Debug */,
				AF1EE5862630E18300F4CDDA /* Release */,
			);
			defaultConfigurationIsVisible = 0;
			defaultConfigurationName = Release;
		};
		AF1EE5872630E18300F4CDDA /* Build configuration list for PBXNativeTarget "LiraTech" */ = {
			isa = XCConfigurationList;
			buildConfigurations = (
				AF1EE5882630E18300F4CDDA /* Debug */,
				AF1EE5892630E18300F4CDDA /* Release */,
			);
			defaultConfigurationIsVisible = 0;
			defaultConfigurationName = Release;
		};
/* End XCConfigurationList section */

/* Begin XCVersionGroup section */
		AFBCAE9E265A5BDC00C866FE /* Model.xcdatamodeld */ = {
			isa = XCVersionGroup;
			children = (
				AFBCAE9F265A5BDC00C866FE /* Model.xcdatamodel */,
			);
			currentVersion = AFBCAE9F265A5BDC00C866FE /* Model.xcdatamodel */;
			path = Model.xcdatamodeld;
			sourceTree = "<group>";
			versionGroupType = wrapper.xcdatamodel;
		};
/* End XCVersionGroup section */
	};
	rootObject = AF1EE5702630E17800F4CDDA /* Project object */;
}
